
Microsoft Visual Studio Solution File, Format Version 12.00
# Visual Studio Version 17
VisualStudioVersion = 17.2.32616.157
MinimumVisualStudioVersion = 10.0.40219.1
Project("{FAE04EC0-301F-11D3-BF4B-00C04F79EFBC}") = "CommonUpdater0.2", "CommonUpdater0.2\CommonUpdater0.2.csproj", "{24E378ED-1A3A-4FC7-92B3-061A3A5CB124}"
EndProject
Global
	GlobalSection(SolutionConfigurationPlatforms) = preSolution
		Debug|Any CPU = Debug|Any CPU
		Release|Any CPU = Release|Any CPU
	EndGlobalSection
	GlobalSection(ProjectConfigurationPlatforms) = postSolution
		{24E378ED-1A3A-4FC7-92B3-061A3A5CB124}.Debug|Any CPU.ActiveCfg = Debug|Any CPU
		{24E378ED-1A3A-4FC7-92B3-061A3A5CB124}.Debug|Any CPU.Build.0 = Debug|Any CPU
		{24E378ED-1A3A-4FC7-92B3-061A3A5CB124}.Release|Any CPU.ActiveCfg = Release|Any CPU
		{24E378ED-1A3A-4FC7-92B3-061A3A5CB124}.Release|Any CPU.Build.0 = Release|Any CPU
	EndGlobalSection
	GlobalSection(SolutionProperties) = preSolution
		HideSolutionNode = FALSE
	EndGlobalSection
	GlobalSection(ExtensibilityGlobals) = postSolution
		SolutionGuid = {23220BB7-04FB-42BA-AF6A-18B680273B2C}
	EndGlobalSection
EndGlobal
